
Microsoft Visual Studio Solution File, Format Version 12.00
# Visual Studio 2013
VisualStudioVersion = 12.0.21005.1
MinimumVisualStudioVersion = 10.0.40219.1
Project("{FAE04EC0-301F-11D3-BF4B-00C04F79EFBC}") = "SxhLib.Core", "SxhLib.Core\SxhLib.Core.csproj", "{23CBE779-AF1E-49B2-91F9-4E97628A0FF6}"
EndProject
Global
	GlobalSection(SolutionConfigurationPlatforms) = preSolution
		Debug|Any CPU = Debug|Any CPU
		Release|Any CPU = Release|Any CPU
	EndGlobalSection
	GlobalSection(ProjectConfigurationPlatforms) = postSolution
		{23CBE779-AF1E-49B2-91F9-4E97628A0FF6}.Debug|Any CPU.ActiveCfg = Debug|Any CPU
		{23CBE779-AF1E-49B2-91F9-4E97628A0FF6}.Debug|Any CPU.Build.0 = Debug|Any CPU
		{23CBE779-AF1E-49B2-91F9-4E97628A0FF6}.Release|Any CPU.ActiveCfg = Release|Any CPU
		{23CBE779-AF1E-49B2-91F9-4E97628A0FF6}.Release|Any CPU.Build.0 = Release|Any CPU
	EndGlobalSection
	GlobalSection(SolutionProperties) = preSolution
		HideSolutionNode = FALSE
	EndGlobalSection
EndGlobal
